
Microsoft Visual Studio Solution File, Format Version 12.00
# Visual Studio 15
VisualStudioVersion = 15.0.26127.0
MinimumVisualStudioVersion = 10.0.40219.1
Project("{FAE04EC0-301F-11D3-BF4B-00C04F79EFBC}") = "Plugin.DownloadManager.iOS", "DownloadManager\Plugin.DownloadManager.iOS\Plugin.DownloadManager.iOS.csproj", "{2882AEEB-D4CD-4EB9-8A6C-6653B33681F0}"
EndProject
Project("{FAE04EC0-301F-11D3-BF4B-00C04F79EFBC}") = "Plugin.DownloadManager.Android", "DownloadManager\Plugin.DownloadManager.Android\Plugin.DownloadManager.Android.csproj", "{56A56F17-7DE1-4CA1-9617-BF32E971AC84}"
EndProject
Project("{FAE04EC0-301F-11D3-BF4B-00C04F79EFBC}") = "Plugin.DownloadManager.UWP", "DownloadManager\Plugin.DownloadManager.UWP\Plugin.DownloadManager.UWP.csproj", "{874A6E1C-90B0-4EA3-8154-FB80AA193214}"
EndProject
Project("{9A19103F-16F7-4668-BE54-9A1E7A4F7556}") = "Plugin.DownloadManager", "DownloadManager\Plugin.DownloadManager\Plugin.DownloadManager.csproj", "{1EA944BE-E869-40BE-8EB4-5B82499CA0B4}"
EndProject
Project("{9A19103F-16F7-4668-BE54-9A1E7A4F7556}") = "Plugin.DownloadManager.Abstractions", "DownloadManager\Plugin.DownloadManager.Abstractions\Plugin.DownloadManager.Abstractions.csproj", "{BD9B511E-F369-4443-B227-D74E0589FFC4}"
EndProject
Global
	GlobalSection(SolutionConfigurationPlatforms) = preSolution
		AppStore|Any CPU = AppStore|Any CPU
		AppStore|ARM = AppStore|ARM
		AppStore|ARM64 = AppStore|ARM64
		AppStore|iPhone = AppStore|iPhone
		AppStore|iPhoneSimulator = AppStore|iPhoneSimulator
		AppStore|x64 = AppStore|x64
		AppStore|x86 = AppStore|x86
		Debug|Any CPU = Debug|Any CPU
		Debug|ARM = Debug|ARM
		Debug|ARM64 = Debug|ARM64
		Debug|iPhone = Debug|iPhone
		Debug|iPhoneSimulator = Debug|iPhoneSimulator
		Debug|x64 = Debug|x64
		Debug|x86 = Debug|x86
		Release|Any CPU = Release|Any CPU
		Release|ARM = Release|ARM
		Release|ARM64 = Release|ARM64
		Release|iPhone = Release|iPhone
		Release|iPhoneSimulator = Release|iPhoneSimulator
		Release|x64 = Release|x64
		Release|x86 = Release|x86
	EndGlobalSection
	GlobalSection(ProjectConfigurationPlatforms) = postSolution
		{2882AEEB-D4CD-4EB9-8A6C-6653B33681F0}.AppStore|Any CPU.ActiveCfg = Release|Any CPU
		{2882AEEB-D4CD-4EB9-8A6C-6653B33681F0}.AppStore|Any CPU.Build.0 = Release|Any CPU
		{2882AEEB-D4CD-4EB9-8A6C-6653B33681F0}.AppStore|ARM.ActiveCfg = Release|Any CPU
		{2882AEEB-D4CD-4EB9-8A6C-6653B33681F0}.AppStore|ARM.Build.0 = Release|Any CPU
		{2882AEEB-D4CD-4EB9-8A6C-6653B33681F0}.AppStore|ARM64.ActiveCfg = Debug|Any CPU
		{2882AEEB-D4CD-4EB9-8A6C-6653B33681F0}.AppStore|ARM64.Build.0 = Debug|Any CPU
		{2882AEEB-D4CD-4EB9-8A6C-6653B33681F0}.AppStore|iPhone.ActiveCfg = Release|Any CPU
		{2882AEEB-D4CD-4EB9-8A6C-6653B33681F0}.AppStore|iPhone.Build.0 = Release|Any CPU
		{2882AEEB-D4CD-4EB9-8A6C-6653B33681F0}.AppStore|iPhoneSimulator.ActiveCfg = Release|Any CPU
		{2882AEEB-D4CD-4EB9-8A6C-6653B33681F0}.AppStore|iPhoneSimulator.Build.0 = Release|Any CPU
		{2882AEEB-D4CD-4EB9-8A6C-6653B33681F0}.AppStore|x64.ActiveCfg = Release|Any CPU
		{2882AEEB-D4CD-4EB9-8A6C-6653B33681F0}.AppStore|x64.Build.0 = Release|Any CPU
		{2882AEEB-D4CD-4EB9-8A6C-6653B33681F0}.AppStore|x86.ActiveCfg = Release|Any CPU
		{2882AEEB-D4CD-4EB9-8A6C-6653B33681F0}.AppStore|x86.Build.0 = Release|Any CPU
		{2882AEEB-D4CD-4EB9-8A6C-6653B33681F0}.Debug|Any CPU.ActiveCfg = Debug|Any CPU
		{2882AEEB-D4CD-4EB9-8A6C-6653B33681F0}.Debug|Any CPU.Build.0 = Debug|Any CPU
		{2882AEEB-D4CD-4EB9-8A6C-6653B33681F0}.Debug|ARM.ActiveCfg = Debug|Any CPU
		{2882AEEB-D4CD-4EB9-8A6C-6653B33681F0}.Debug|ARM.Build.0 = Debug|Any CPU
		{2882AEEB-D4CD-4EB9-8A6C-6653B33681F0}.Debug|ARM64.ActiveCfg = Debug|Any CPU
		{2882AEEB-D4CD-4EB9-8A6C-6653B33681F0}.Debug|ARM64.Build.0 = Debug|Any CPU
		{2882AEEB-D4CD-4EB9-8A6C-6653B33681F0}.Debug|iPhone.ActiveCfg = Debug|Any CPU
		{2882AEEB-D4CD-4EB9-8A6C-6653B33681F0}.Debug|iPhone.Build.0 = Debug|Any CPU
		{2882AEEB-D4CD-4EB9-8A6C-6653B33681F0}.Debug|iPhoneSimulator.ActiveCfg = Debug|Any CPU
		{2882AEEB-D4CD-4EB9-8A6C-6653B33681F0}.Debug|iPhoneSimulator.Build.0 = Debug|Any CPU
		{2882AEEB-D4CD-4EB9-8A6C-6653B33681F0}.Debug|x64.ActiveCfg = Debug|Any CPU
		{2882AEEB-D4CD-4EB9-8A6C-6653B33681F0}.Debug|x64.Build.0 = Debug|Any CPU
		{2882AEEB-D4CD-4EB9-8A6C-6653B33681F0}.Debug|x86.ActiveCfg = Debug|Any CPU
		{2882AEEB-D4CD-4EB9-8A6C-6653B33681F0}.Debug|x86.Build.0 = Debug|Any CPU
		{2882AEEB-D4CD-4EB9-8A6C-6653B33681F0}.Release|Any CPU.ActiveCfg = Release|Any CPU
		{2882AEEB-D4CD-4EB9-8A6C-6653B33681F0}.Release|Any CPU.Build.0 = Release|Any CPU
		{2882AEEB-D4CD-4EB9-8A6C-6653B33681F0}.Release|ARM.ActiveCfg = Release|Any CPU
		{2882AEEB-D4CD-4EB9-8A6C-6653B33681F0}.Release|ARM.Build.0 = Release|Any CPU
		{2882AEEB-D4CD-4EB9-8A6C-6653B33681F0}.Release|ARM64.ActiveCfg = Release|Any CPU
		{2882AEEB-D4CD-4EB9-8A6C-6653B33681F0}.Release|ARM64.Build.0 = Release|Any CPU
		{2882AEEB-D4CD-4EB9-8A6C-6653B33681F0}.Release|iPhone.ActiveCfg = Release|Any CPU
		{2882AEEB-D4CD-4EB9-8A6C-6653B33681F0}.Release|iPhone.Build.0 = Release|Any CPU
		{2882AEEB-D4CD-4EB9-8A6C-6653B33681F0}.Release|iPhoneSimulator.ActiveCfg = Release|Any CPU
		{2882AEEB-D4CD-4EB9-8A6C-6653B33681F0}.Release|iPhoneSimulator.Build.0 = Release|Any CPU
		{2882AEEB-D4CD-4EB9-8A6C-6653B33681F0}.Release|x64.ActiveCfg = Release|Any CPU
		{2882AEEB-D4CD-4EB9-8A6C-6653B33681F0}.Release|x64.Build.0 = Release|Any CPU
		{2882AEEB-D4CD-4EB9-8A6C-6653B33681F0}.Release|x86.ActiveCfg = Release|Any CPU
		{2882AEEB-D4CD-4EB9-8A6C-6653B33681F0}.Release|x86.Build.0 = Release|Any CPU
		{56A56F17-7DE1-4CA1-9617-BF32E971AC84}.AppStore|Any CPU.ActiveCfg = Release|Any CPU
		{56A56F17-7DE1-4CA1-9617-BF32E971AC84}.AppStore|Any CPU.Build.0 = Release|Any CPU
		{56A56F17-7DE1-4CA1-9617-BF32E971AC84}.AppStore|ARM.ActiveCfg = Release|Any CPU
		{56A56F17-7DE1-4CA1-9617-BF32E971AC84}.AppStore|ARM.Build.0 = Release|Any CPU
		{56A56F17-7DE1-4CA1-9617-BF32E971AC84}.AppStore|ARM64.ActiveCfg = Debug|Any CPU
		{56A56F17-7DE1-4CA1-9617-BF32E971AC84}.AppStore|ARM64.Build.0 = Debug|Any CPU
		{56A56F17-7DE1-4CA1-9617-BF32E971AC84}.AppStore|iPhone.ActiveCfg = Debug|Any CPU
		{56A56F17-7DE1-4CA1-9617-BF32E971AC84}.AppStore|iPhoneSimulator.ActiveCfg = Debug|Any CPU
		{56A56F17-7DE1-4CA1-9617-BF32E971AC84}.AppStore|x64.ActiveCfg = Release|Any CPU
		{56A56F17-7DE1-4CA1-9617-BF32E971AC84}.AppStore|x64.Build.0 = Release|Any CPU
		{56A56F17-7DE1-4CA1-9617-BF32E971AC84}.AppStore|x86.ActiveCfg = Release|Any CPU
		{56A56F17-7DE1-4CA1-9617-BF32E971AC84}.AppStore|x86.Build.0 = Release|Any CPU
		{56A56F17-7DE1-4CA1-9617-BF32E971AC84}.Debug|Any CPU.ActiveCfg = Debug|Any CPU
		{56A56F17-7DE1-4CA1-9617-BF32E971AC84}.Debug|Any CPU.Build.0 = Debug|Any CPU
		{56A56F17-7DE1-4CA1-9617-BF32E971AC84}.Debug|ARM.ActiveCfg = Debug|Any CPU
		{56A56F17-7DE1-4CA1-9617-BF32E971AC84}.Debug|ARM.Build.0 = Debug|Any CPU
		{56A56F17-7DE1-4CA1-9617-BF32E971AC84}.Debug|ARM64.ActiveCfg = Debug|Any CPU
		{56A56F17-7DE1-4CA1-9617-BF32E971AC84}.Debug|ARM64.Build.0 = Debug|Any CPU
		{56A56F17-7DE1-4CA1-9617-BF32E971AC84}.Debug|iPhone.ActiveCfg = Debug|Any CPU
		{56A56F17-7DE1-4CA1-9617-BF32E971AC84}.Debug|iPhone.Build.0 = Debug|Any CPU
		{56A56F17-7DE1-4CA1-9617-BF32E971AC84}.Debug|iPhoneSimulator.ActiveCfg = Debug|Any CPU
		{56A56F17-7DE1-4CA1-9617-BF32E971AC84}.Debug|iPhoneSimulator.Build.0 = Debug|Any CPU
		{56A56F17-7DE1-4CA1-9617-BF32E971AC84}.Debug|x64.ActiveCfg = Debug|Any CPU
		{56A56F17-7DE1-4CA1-9617-BF32E971AC84}.Debug|x64.Build.0 = Debug|Any CPU
		{56A56F17-7DE1-4CA1-9617-BF32E971AC84}.Debug|x86.ActiveCfg = Debug|Any CPU
		{56A56F17-7DE1-4CA1-9617-BF32E971AC84}.Debug|x86.Build.0 = Debug|Any CPU
		{56A56F17-7DE1-4CA1-9617-BF32E971AC84}.Release|Any CPU.ActiveCfg = Release|Any CPU
		{56A56F17-7DE1-4CA1-9617-BF32E971AC84}.Release|Any CPU.Build.0 = Release|Any CPU
		{56A56F17-7DE1-4CA1-9617-BF32E971AC84}.Release|ARM.ActiveCfg = Release|Any CPU
		{56A56F17-7DE1-4CA1-9617-BF32E971AC84}.Release|ARM.Build.0 = Release|Any CPU
		{56A56F17-7DE1-4CA1-9617-BF32E971AC84}.Release|ARM64.ActiveCfg = Release|Any CPU
		{56A56F17-7DE1-4CA1-9617-BF32E971AC84}.Release|ARM64.Build.0 = Release|Any CPU
		{56A56F17-7DE1-4CA1-9617-BF32E971AC84}.Release|iPhone.ActiveCfg = Release|Any CPU
		{56A56F17-7DE1-4CA1-9617-BF32E971AC84}.Release|iPhone.Build.0 = Release|Any CPU
		{56A56F17-7DE1-4CA1-9617-BF32E971AC84}.Release|iPhoneSimulator.ActiveCfg = Release|Any CPU
		{56A56F17-7DE1-4CA1-9617-BF32E971AC84}.Release|iPhoneSimulator.Build.0 = Release|Any CPU
		{56A56F17-7DE1-4CA1-9617-BF32E971AC84}.Release|x64.ActiveCfg = Release|Any CPU
		{56A56F17-7DE1-4CA1-9617-BF32E971AC84}.Release|x64.Build.0 = Release|Any CPU
		{56A56F17-7DE1-4CA1-9617-BF32E971AC84}.Release|x86.ActiveCfg = Release|Any CPU
		{56A56F17-7DE1-4CA1-9617-BF32E971AC84}.Release|x86.Build.0 = Release|Any CPU
		{874A6E1C-90B0-4EA3-8154-FB80AA193214}.AppStore|Any CPU.ActiveCfg = Release|Any CPU
		{874A6E1C-90B0-4EA3-8154-FB80AA193214}.AppStore|Any CPU.Build.0 = Release|Any CPU
		{874A6E1C-90B0-4EA3-8154-FB80AA193214}.AppStore|ARM.ActiveCfg = Release|ARM
		{874A6E1C-90B0-4EA3-8154-FB80AA193214}.AppStore|ARM.Build.0 = Release|ARM
		{874A6E1C-90B0-4EA3-8154-FB80AA193214}.AppStore|ARM64.ActiveCfg = Release|ARM64
		{874A6E1C-90B0-4EA3-8154-FB80AA193214}.AppStore|ARM64.Build.0 = Release|ARM64
		{874A6E1C-90B0-4EA3-8154-FB80AA193214}.AppStore|iPhone.ActiveCfg = Release|Any CPU
		{874A6E1C-90B0-4EA3-8154-FB80AA193214}.AppStore|iPhone.Build.0 = Release|Any CPU
		{874A6E1C-90B0-4EA3-8154-FB80AA193214}.AppStore|iPhoneSimulator.ActiveCfg = Release|Any CPU
		{874A6E1C-90B0-4EA3-8154-FB80AA193214}.AppStore|iPhoneSimulator.Build.0 = Release|Any CPU
		{874A6E1C-90B0-4EA3-8154-FB80AA193214}.AppStore|x64.ActiveCfg = Release|x64
		{874A6E1C-90B0-4EA3-8154-FB80AA193214}.AppStore|x64.Build.0 = Release|x64
		{874A6E1C-90B0-4EA3-8154-FB80AA193214}.AppStore|x86.ActiveCfg = Release|x86
		{874A6E1C-90B0-4EA3-8154-FB80AA193214}.AppStore|x86.Build.0 = Release|x86
		{874A6E1C-90B0-4EA3-8154-FB80AA193214}.Debug|Any CPU.ActiveCfg = Debug|Any CPU
		{874A6E1C-90B0-4EA3-8154-FB80AA193214}.Debug|Any CPU.Build.0 = Debug|Any CPU
		{874A6E1C-90B0-4EA3-8154-FB80AA193214}.Debug|ARM.ActiveCfg = Debug|ARM
		{874A6E1C-90B0-4EA3-8154-FB80AA193214}.Debug|ARM.Build.0 = Debug|ARM
		{874A6E1C-90B0-4EA3-8154-FB80AA193214}.Debug|ARM64.ActiveCfg = Debug|ARM64
		{874A6E1C-90B0-4EA3-8154-FB80AA193214}.Debug|ARM64.Build.0 = Debug|ARM64
		{874A6E1C-90B0-4EA3-8154-FB80AA193214}.Debug|iPhone.ActiveCfg = Debug|Any CPU
		{874A6E1C-90B0-4EA3-8154-FB80AA193214}.Debug|iPhone.Build.0 = Debug|Any CPU
		{874A6E1C-90B0-4EA3-8154-FB80AA193214}.Debug|iPhoneSimulator.ActiveCfg = Debug|Any CPU
		{874A6E1C-90B0-4EA3-8154-FB80AA193214}.Debug|iPhoneSimulator.Build.0 = Debug|Any CPU
		{874A6E1C-90B0-4EA3-8154-FB80AA193214}.Debug|x64.ActiveCfg = Debug|x64
		{874A6E1C-90B0-4EA3-8154-FB80AA193214}.Debug|x64.Build.0 = Debug|x64
		{874A6E1C-90B0-4EA3-8154-FB80AA193214}.Debug|x86.ActiveCfg = Debug|x86
		{874A6E1C-90B0-4EA3-8154-FB80AA193214}.Debug|x86.Build.0 = Debug|x86
		{874A6E1C-90B0-4EA3-8154-FB80AA193214}.Release|Any CPU.ActiveCfg = Release|Any CPU
		{874A6E1C-90B0-4EA3-8154-FB80AA193214}.Release|Any CPU.Build.0 = Release|Any CPU
		{874A6E1C-90B0-4EA3-8154-FB80AA193214}.Release|ARM.ActiveCfg = Release|ARM
		{874A6E1C-90B0-4EA3-8154-FB80AA193214}.Release|ARM.Build.0 = Release|ARM
		{874A6E1C-90B0-4EA3-8154-FB80AA193214}.Release|ARM64.ActiveCfg = Release|ARM64
		{874A6E1C-90B0-4EA3-8154-FB80AA193214}.Release|ARM64.Build.0 = Release|ARM64
		{874A6E1C-90B0-4EA3-8154-FB80AA193214}.Release|iPhone.ActiveCfg = Release|Any CPU
		{874A6E1C-90B0-4EA3-8154-FB80AA193214}.Release|iPhone.Build.0 = Release|Any CPU
		{874A6E1C-90B0-4EA3-8154-FB80AA193214}.Release|iPhoneSimulator.ActiveCfg = Release|Any CPU
		{874A6E1C-90B0-4EA3-8154-FB80AA193214}.Release|iPhoneSimulator.Build.0 = Release|Any CPU
		{874A6E1C-90B0-4EA3-8154-FB80AA193214}.Release|x64.ActiveCfg = Release|x64
		{874A6E1C-90B0-4EA3-8154-FB80AA193214}.Release|x64.Build.0 = Release|x64
		{874A6E1C-90B0-4EA3-8154-FB80AA193214}.Release|x86.ActiveCfg = Release|x86
		{874A6E1C-90B0-4EA3-8154-FB80AA193214}.Release|x86.Build.0 = Release|x86
		{1EA944BE-E869-40BE-8EB4-5B82499CA0B4}.AppStore|Any CPU.ActiveCfg = Debug|Any CPU
		{1EA944BE-E869-40BE-8EB4-5B82499CA0B4}.AppStore|Any CPU.Build.0 = Debug|Any CPU
		{1EA944BE-E869-40BE-8EB4-5B82499CA0B4}.AppStore|ARM.ActiveCfg = Debug|Any CPU
		{1EA944BE-E869-40BE-8EB4-5B82499CA0B4}.AppStore|ARM.Build.0 = Debug|Any CPU
		{1EA944BE-E869-40BE-8EB4-5B82499CA0B4}.AppStore|ARM64.ActiveCfg = Debug|Any CPU
		{1EA944BE-E869-40BE-8EB4-5B82499CA0B4}.AppStore|ARM64.Build.0 = Debug|Any CPU
		{1EA944BE-E869-40BE-8EB4-5B82499CA0B4}.AppStore|iPhone.ActiveCfg = Debug|Any CPU
		{1EA944BE-E869-40BE-8EB4-5B82499CA0B4}.AppStore|iPhone.Build.0 = Debug|Any CPU
		{1EA944BE-E869-40BE-8EB4-5B82499CA0B4}.AppStore|iPhoneSimulator.ActiveCfg = Debug|Any CPU
		{1EA944BE-E869-40BE-8EB4-5B82499CA0B4}.AppStore|iPhoneSimulator.Build.0 = Debug|Any CPU
		{1EA944BE-E869-40BE-8EB4-5B82499CA0B4}.AppStore|x64.ActiveCfg = Debug|Any CPU
		{1EA944BE-E869-40BE-8EB4-5B82499CA0B4}.AppStore|x64.Build.0 = Debug|Any CPU
		{1EA944BE-E869-40BE-8EB4-5B82499CA0B4}.AppStore|x86.ActiveCfg = Debug|Any CPU
		{1EA944BE-E869-40BE-8EB4-5B82499CA0B4}.AppStore|x86.Build.0 = Debug|Any CPU
		{1EA944BE-E869-40BE-8EB4-5B82499CA0B4}.Debug|Any CPU.ActiveCfg = Debug|Any CPU
		{1EA944BE-E869-40BE-8EB4-5B82499CA0B4}.Debug|Any CPU.Build.0 = Debug|Any CPU
		{1EA944BE-E869-40BE-8EB4-5B82499CA0B4}.Debug|ARM.ActiveCfg = Debug|Any CPU
		{1EA944BE-E869-40BE-8EB4-5B82499CA0B4}.Debug|ARM.Build.0 = Debug|Any CPU
		{1EA944BE-E869-40BE-8EB4-5B82499CA0B4}.Debug|ARM64.ActiveCfg = Debug|Any CPU
		{1EA944BE-E869-40BE-8EB4-5B82499CA0B4}.Debug|ARM64.Build.0 = Debug|Any CPU
		{1EA944BE-E869-40BE-8EB4-5B82499CA0B4}.Debug|iPhone.ActiveCfg = Debug|Any CPU
		{1EA944BE-E869-40BE-8EB4-5B82499CA0B4}.Debug|iPhone.Build.0 = Debug|Any CPU
		{1EA944BE-E869-40BE-8EB4-5B82499CA0B4}.Debug|iPhoneSimulator.ActiveCfg = Debug|Any CPU
		{1EA944BE-E869-40BE-8EB4-5B82499CA0B4}.Debug|iPhoneSimulator.Build.0 = Debug|Any CPU
		{1EA944BE-E869-40BE-8EB4-5B82499CA0B4}.Debug|x64.ActiveCfg = Debug|Any CPU
		{1EA944BE-E869-40BE-8EB4-5B82499CA0B4}.Debug|x64.Build.0 = Debug|Any CPU
		{1EA944BE-E869-40BE-8EB4-5B82499CA0B4}.Debug|x86.ActiveCfg = Debug|Any CPU
		{1EA944BE-E869-40BE-8EB4-5B82499CA0B4}.Debug|x86.Build.0 = Debug|Any CPU
		{1EA944BE-E869-40BE-8EB4-5B82499CA0B4}.Release|Any CPU.ActiveCfg = Release|Any CPU
		{1EA944BE-E869-40BE-8EB4-5B82499CA0B4}.Release|Any CPU.Build.0 = Release|Any CPU
		{1EA944BE-E869-40BE-8EB4-5B82499CA0B4}.Release|ARM.ActiveCfg = Release|Any CPU
		{1EA944BE-E869-40BE-8EB4-5B82499CA0B4}.Release|ARM.Build.0 = Release|Any CPU
		{1EA944BE-E869-40BE-8EB4-5B82499CA0B4}.Release|ARM64.ActiveCfg = Release|Any CPU
		{1EA944BE-E869-40BE-8EB4-5B82499CA0B4}.Release|ARM64.Build.0 = Release|Any CPU
		{1EA944BE-E869-40BE-8EB4-5B82499CA0B4}.Release|iPhone.ActiveCfg = Release|Any CPU
		{1EA944BE-E869-40BE-8EB4-5B82499CA0B4}.Release|iPhone.Build.0 = Release|Any CPU
		{1EA944BE-E869-40BE-8EB4-5B82499CA0B4}.Release|iPhoneSimulator.ActiveCfg = Release|Any CPU
		{1EA944BE-E869-40BE-8EB4-5B82499CA0B4}.Release|iPhoneSimulator.Build.0 = Release|Any CPU
		{1EA944BE-E869-40BE-8EB4-5B82499CA0B4}.Release|x64.ActiveCfg = Release|Any CPU
		{1EA944BE-E869-40BE-8EB4-5B82499CA0B4}.Release|x64.Build.0 = Release|Any CPU
		{1EA944BE-E869-40BE-8EB4-5B82499CA0B4}.Release|x86.ActiveCfg = Release|Any CPU
		{1EA944BE-E869-40BE-8EB4-5B82499CA0B4}.Release|x86.Build.0 = Release|Any CPU
		{BD9B511E-F369-4443-B227-D74E0589FFC4}.AppStore|Any CPU.ActiveCfg = Debug|Any CPU
		{BD9B511E-F369-4443-B227-D74E0589FFC4}.AppStore|Any CPU.Build.0 = Debug|Any CPU
		{BD9B511E-F369-4443-B227-D74E0589FFC4}.AppStore|ARM.ActiveCfg = Debug|Any CPU
		{BD9B511E-F369-4443-B227-D74E0589FFC4}.AppStore|ARM.Build.0 = Debug|Any CPU
		{BD9B511E-F369-4443-B227-D74E0589FFC4}.AppStore|ARM64.ActiveCfg = Debug|Any CPU
		{BD9B511E-F369-4443-B227-D74E0589FFC4}.AppStore|ARM64.Build.0 = Debug|Any CPU
		{BD9B511E-F369-4443-B227-D74E0589FFC4}.AppStore|iPhone.ActiveCfg = Debug|Any CPU
		{BD9B511E-F369-4443-B227-D74E0589FFC4}.AppStore|iPhone.Build.0 = Debug|Any CPU
		{BD9B511E-F369-4443-B227-D74E0589FFC4}.AppStore|iPhoneSimulator.ActiveCfg = Debug|Any CPU
		{BD9B511E-F369-4443-B227-D74E0589FFC4}.AppStore|iPhoneSimulator.Build.0 = Debug|Any CPU
		{BD9B511E-F369-4443-B227-D74E0589FFC4}.AppStore|x64.ActiveCfg = Debug|Any CPU
		{BD9B511E-F369-4443-B227-D74E0589FFC4}.AppStore|x64.Build.0 = Debug|Any CPU
		{BD9B511E-F369-4443-B227-D74E0589FFC4}.AppStore|x86.ActiveCfg = Debug|Any CPU
		{BD9B511E-F369-4443-B227-D74E0589FFC4}.AppStore|x86.Build.0 = Debug|Any CPU
		{BD9B511E-F369-4443-B227-D74E0589FFC4}.Debug|Any CPU.ActiveCfg = Debug|Any CPU
		{BD9B511E-F369-4443-B227-D74E0589FFC4}.Debug|Any CPU.Build.0 = Debug|Any CPU
		{BD9B511E-F369-4443-B227-D74E0589FFC4}.Debug|ARM.ActiveCfg = Debug|Any CPU
		{BD9B511E-F369-4443-B227-D74E0589FFC4}.Debug|ARM.Build.0 = Debug|Any CPU
		{BD9B511E-F369-4443-B227-D74E0589FFC4}.Debug|ARM64.ActiveCfg = Debug|Any CPU
		{BD9B511E-F369-4443-B227-D74E0589FFC4}.Debug|ARM64.Build.0 = Debug|Any CPU
		{BD9B511E-F369-4443-B227-D74E0589FFC4}.Debug|iPhone.ActiveCfg = Debug|Any CPU
		{BD9B511E-F369-4443-B227-D74E0589FFC4}.Debug|iPhone.Build.0 = Debug|Any CPU
		{BD9B511E-F369-4443-B227-D74E0589FFC4}.Debug|iPhoneSimulator.ActiveCfg = Debug|Any CPU
		{BD9B511E-F369-4443-B227-D74E0589FFC4}.Debug|iPhoneSimulator.Build.0 = Debug|Any CPU
		{BD9B511E-F369-4443-B227-D74E0589FFC4}.Debug|x64.ActiveCfg = Debug|Any CPU
		{BD9B511E-F369-4443-B227-D74E0589FFC4}.Debug|x64.Build.0 = Debug|Any CPU
		{BD9B511E-F369-4443-B227-D74E0589FFC4}.Debug|x86.ActiveCfg = Debug|Any CPU
		{BD9B511E-F369-4443-B227-D74E0589FFC4}.Debug|x86.Build.0 = Debug|Any CPU
		{BD9B511E-F369-4443-B227-D74E0589FFC4}.Release|Any CPU.ActiveCfg = Release|Any CPU
		{BD9B511E-F369-4443-B227-D74E0589FFC4}.Release|Any CPU.Build.0 = Release|Any CPU
		{BD9B511E-F369-4443-B227-D74E0589FFC4}.Release|ARM.ActiveCfg = Release|Any CPU
		{BD9B511E-F369-4443-B227-D74E0589FFC4}.Release|ARM.Build.0 = Release|Any CPU
		{BD9B511E-F369-4443-B227-D74E0589FFC4}.Release|ARM64.ActiveCfg = Release|Any CPU
		{BD9B511E-F369-4443-B227-D74E0589FFC4}.Release|ARM64.Build.0 = Release|Any CPU
		{BD9B511E-F369-4443-B227-D74E0589FFC4}.Release|iPhone.ActiveCfg = Release|Any CPU
		{BD9B511E-F369-4443-B227-D74E0589FFC4}.Release|iPhone.Build.0 = Release|Any CPU
		{BD9B511E-F369-4443-B227-D74E0589FFC4}.Release|iPhoneSimulator.ActiveCfg = Release|Any CPU
		{BD9B511E-F369-4443-B227-D74E0589FFC4}.Release|iPhoneSimulator.Build.0 = Release|Any CPU
		{BD9B511E-F369-4443-B227-D74E0589FFC4}.Release|x64.ActiveCfg = Release|Any CPU
		{BD9B511E-F369-4443-B227-D74E0589FFC4}.Release|x64.Build.0 = Release|Any CPU
		{BD9B511E-F369-4443-B227-D74E0589FFC4}.Release|x86.ActiveCfg = Release|Any CPU
		{BD9B511E-F369-4443-B227-D74E0589FFC4}.Release|x86.Build.0 = Release|Any CPU
	EndGlobalSection
	GlobalSection(SolutionProperties) = preSolution
		HideSolutionNode = FALSE
	EndGlobalSection
	GlobalSection(ExtensibilityGlobals) = postSolution
		SolutionGuid = {53B9168F-5B15-4F8D-A393-8817A69062CD}
	EndGlobalSection
	GlobalSection(MonoDevelopProperties) = preSolution
		Policies = $0
		$0.TextStylePolicy = $1
		$1.FileWidth = 120
		$1.EolMarker = Unix
		$1.inheritsSet = VisualStudio
		$1.inheritsScope = text/plain
		$1.scope = text/x-csharp
		$0.CSharpFormattingPolicy = $2
		$2.IndentSwitchSection = True
		$2.SpacingAfterMethodDeclarationName = False
		$2.SpaceAfterMethodCallName = False
		$2.SpaceBeforeOpenSquareBracket = False
		$2.inheritsSet = Mono
		$2.inheritsScope = text/x-csharp
		$2.scope = text/x-csharp
		$0.StandardHeader = $3
		$3.Text = 
		$3.IncludeInNewFiles = True
		$0.NameConventionPolicy = $4
		$4.Rules = $5
		$5.NamingRule = $6
		$6.Name = Type Parameters
		$6.AffectedEntity = TypeParameter
		$6.VisibilityMask = VisibilityMask
		$6.NamingStyle = PascalCase
		$6.IncludeInstanceMembers = True
		$6.IncludeStaticEntities = True
		$6.RequiredPrefixes = $7
		$7.String = T
		$6.RequiredSuffixes = $8
		$8.String = Exception
	EndGlobalSection
EndGlobal
